# This file was autogenerated by uv via the following command:
#    uv pip compile requirements-ci.txt --python-platform linux --python-version 3.11 -o requirements-ci.lock
annotated-doc==0.0.4
    # via fastapi
annotated-types==0.7.0
    # via pydantic
anyio==4.13.0
    # via
    #   httpx
    #   starlette
ast-serialize==0.5.0
    # via mypy
async-timeout==5.0.1
    # via redis
certifi==2026.5.20
    # via
    #   httpcore
    #   httpx
coverage==7.14.1
    # via pytest-cov
fakeredis==2.36.1
    # via -r requirements-ci.txt
fastapi==0.136.3
    # via -r requirements-ci.txt
h11==0.16.0
    # via httpcore
httpcore==1.0.9
    # via httpx
httpx==0.28.1
    # via -r requirements-ci.txt
idna==3.18
    # via
    #   anyio
    #   httpx
iniconfig==2.3.0
    # via pytest
joblib==1.5.3
    # via -r requirements-ci.txt
librt==0.11.0
    # via mypy
mypy==2.1.0
    # via -r requirements-ci.txt
mypy-extensions==1.1.0
    # via mypy
narwhals==2.22.1
    # via plotly
numpy==1.26.4
    # via
    #   -r requirements-ci.txt
    #   pandas
    #   scipy
packaging==26.2
    # via
    #   plotly
    #   pytest
pandas==3.0.3
    # via -r requirements-ci.txt
pathspec==1.1.1
    # via mypy
plotly==6.8.0
    # via -r requirements-ci.txt
pluggy==1.6.0
    # via
    #   pytest
    #   pytest-cov
prometheus-client==0.25.0
    # via -r requirements-ci.txt
pydantic==2.13.4
    # via
    #   -r requirements-ci.txt
    #   fastapi
    #   pydantic-settings
pydantic-core==2.46.4
    # via pydantic
pydantic-settings==2.14.1
    # via -r requirements-ci.txt
pygments==2.20.0
    # via pytest
pytest==9.0.3
    # via
    #   -r requirements-ci.txt
    #   pytest-cov
pytest-cov==7.1.0
    # via -r requirements-ci.txt
python-dateutil==2.9.0.post0
    # via pandas
python-dotenv==1.2.2
    # via pydantic-settings
redis==8.0.0
    # via
    #   -r requirements-ci.txt
    #   fakeredis
scipy==1.17.1
    # via -r requirements-ci.txt
six==1.17.0
    # via python-dateutil
sortedcontainers==2.4.0
    # via fakeredis
starlette==1.2.1
    # via
    #   -r requirements-ci.txt
    #   fastapi
tomli==2.4.1
    # via coverage
typing-extensions==4.15.0
    # via
    #   anyio
    #   fastapi
    #   mypy
    #   pydantic
    #   pydantic-core
    #   starlette
    #   typing-inspection
typing-inspection==0.4.2
    # via
    #   fastapi
    #   pydantic
    #   pydantic-settings
